
Microsoft Visual Studio Solution File, Format Version 12.00
# Visual Studio Version 17
VisualStudioVersion = 17.14.36408.4
MinimumVisualStudioVersion = 10.0.40219.1
Project("{9A19103F-16F7-4668-BE54-9A1E7A4F7556}") = "Domain", "Domain\Domain.csproj", "{AFC0BFE9-FEFF-48EB-9FB5-A986EDFD1D1E}"
EndProject
Project("{9A19103F-16F7-4668-BE54-9A1E7A4F7556}") = "UI", "UI\UI.csproj", "{C3D8CFAE-20F1-4741-9BE6-CB1B5AFA0365}"
EndProject
Project("{FAE04EC0-301F-11D3-BF4B-00C04F79EFBC}") = "Data.Interfaces", "Data.Interfaces\Data.Interfaces.csproj", "{BB203216-CCE5-4E68-8CA9-343198D5A0A3}"
EndProject
Project("{FAE04EC0-301F-11D3-BF4B-00C04F79EFBC}") = "Data.InMemory", "Data.InMemory\Data.InMemory.csproj", "{233C3EC5-6006-4A8A-B745-03D285BE3755}"
EndProject
Project("{FAE04EC0-301F-11D3-BF4B-00C04F79EFBC}") = "Data", "Data\Data.csproj", "{629B2A3C-D0BB-4245-B25A-17566B11E22E}"
EndProject
Project("{2150E333-8FDC-42A3-9474-1A3956D46DE8}") = "Элементы решения", "Элементы решения", "{754FC069-D67B-A9D7-50A1-8D1CA196D8F1}"
	ProjectSection(SolutionItems) = preProject
		StatisticsService.cs = StatisticsService.cs
	EndProjectSection
EndProject
Project("{FAE04EC0-301F-11D3-BF4B-00C04F79EFBC}") = "Services", "Services\Services.csproj", "{E56EF77E-B6FE-4514-9F14-C09836F7ACCC}"
EndProject
Project("{FAE04EC0-301F-11D3-BF4B-00C04F79EFBC}") = "Data.SqlServer", "Data.SqlServer\Data.SqlServer.csproj", "{7B38D6BA-ABB2-4DD2-80F4-097448BA9FFC}"
EndProject
Global
	GlobalSection(SolutionConfigurationPlatforms) = preSolution
		Debug|Any CPU = Debug|Any CPU
		Release|Any CPU = Release|Any CPU
	EndGlobalSection
	GlobalSection(ProjectConfigurationPlatforms) = postSolution
		{AFC0BFE9-FEFF-48EB-9FB5-A986EDFD1D1E}.Debug|Any CPU.ActiveCfg = Debug|Any CPU
		{AFC0BFE9-FEFF-48EB-9FB5-A986EDFD1D1E}.Debug|Any CPU.Build.0 = Debug|Any CPU
		{AFC0BFE9-FEFF-48EB-9FB5-A986EDFD1D1E}.Release|Any CPU.ActiveCfg = Release|Any CPU
		{AFC0BFE9-FEFF-48EB-9FB5-A986EDFD1D1E}.Release|Any CPU.Build.0 = Release|Any CPU
		{C3D8CFAE-20F1-4741-9BE6-CB1B5AFA0365}.Debug|Any CPU.ActiveCfg = Debug|Any CPU
		{C3D8CFAE-20F1-4741-9BE6-CB1B5AFA0365}.Debug|Any CPU.Build.0 = Debug|Any CPU
		{C3D8CFAE-20F1-4741-9BE6-CB1B5AFA0365}.Release|Any CPU.ActiveCfg = Release|Any CPU
		{C3D8CFAE-20F1-4741-9BE6-CB1B5AFA0365}.Release|Any CPU.Build.0 = Release|Any CPU
		{BB203216-CCE5-4E68-8CA9-343198D5A0A3}.Debug|Any CPU.ActiveCfg = Debug|Any CPU
		{BB203216-CCE5-4E68-8CA9-343198D5A0A3}.Debug|Any CPU.Build.0 = Debug|Any CPU
		{BB203216-CCE5-4E68-8CA9-343198D5A0A3}.Release|Any CPU.ActiveCfg = Release|Any CPU
		{BB203216-CCE5-4E68-8CA9-343198D5A0A3}.Release|Any CPU.Build.0 = Release|Any CPU
		{233C3EC5-6006-4A8A-B745-03D285BE3755}.Debug|Any CPU.ActiveCfg = Debug|Any CPU
		{233C3EC5-6006-4A8A-B745-03D285BE3755}.Debug|Any CPU.Build.0 = Debug|Any CPU
		{233C3EC5-6006-4A8A-B745-03D285BE3755}.Release|Any CPU.ActiveCfg = Release|Any CPU
		{233C3EC5-6006-4A8A-B745-03D285BE3755}.Release|Any CPU.Build.0 = Release|Any CPU
		{629B2A3C-D0BB-4245-B25A-17566B11E22E}.Debug|Any CPU.ActiveCfg = Debug|Any CPU
		{629B2A3C-D0BB-4245-B25A-17566B11E22E}.Debug|Any CPU.Build.0 = Debug|Any CPU
		{629B2A3C-D0BB-4245-B25A-17566B11E22E}.Release|Any CPU.ActiveCfg = Release|Any CPU
		{629B2A3C-D0BB-4245-B25A-17566B11E22E}.Release|Any CPU.Build.0 = Release|Any CPU
		{E56EF77E-B6FE-4514-9F14-C09836F7ACCC}.Debug|Any CPU.ActiveCfg = Debug|Any CPU
		{E56EF77E-B6FE-4514-9F14-C09836F7ACCC}.Debug|Any CPU.Build.0 = Debug|Any CPU
		{E56EF77E-B6FE-4514-9F14-C09836F7ACCC}.Release|Any CPU.ActiveCfg = Release|Any CPU
		{E56EF77E-B6FE-4514-9F14-C09836F7ACCC}.Release|Any CPU.Build.0 = Release|Any CPU
		{7B38D6BA-ABB2-4DD2-80F4-097448BA9FFC}.Debug|Any CPU.ActiveCfg = Debug|Any CPU
		{7B38D6BA-ABB2-4DD2-80F4-097448BA9FFC}.Debug|Any CPU.Build.0 = Debug|Any CPU
		{7B38D6BA-ABB2-4DD2-80F4-097448BA9FFC}.Release|Any CPU.ActiveCfg = Release|Any CPU
		{7B38D6BA-ABB2-4DD2-80F4-097448BA9FFC}.Release|Any CPU.Build.0 = Release|Any CPU
	EndGlobalSection
	GlobalSection(SolutionProperties) = preSolution
		HideSolutionNode = FALSE
	EndGlobalSection
	GlobalSection(ExtensibilityGlobals) = postSolution
		SolutionGuid = {D1BC8B23-0CA5-4413-AC84-D1D484569586}
	EndGlobalSection
EndGlobal
